// !$*UTF8*$!
{
	archiveVersion = 1;
	classes = {
	};
	objectVersion = 46;
	objects = {

/* Begin PBXBuildFile section */
		F878BA2F1E9796D200A35EEC /* main.m in Sources */ = {isa = PBXBuildFile; fileRef = F878BA2E1E9796D200A35EEC /* main.m */; };
		F878BA321E9796D200A35EEC /* AppDelegate.m in Sources */ = {isa = PBXBuildFile; fileRef = F878BA311E9796D200A35EEC /* AppDelegate.m */; };
		F878BA351E9796D200A35EEC /* ViewController.m in Sources */ = {isa = PBXBuildFile; fileRef = F878BA341E9796D200A35EEC /* ViewController.m */; };
		F878BA381E9796D200A35EEC /* Main.storyboard in Resources */ = {isa = PBXBuildFile; fileRef = F878BA361E9796D200A35EEC /* Main.storyboard */; };
		F878BA3A1E9796D200A35EEC /* Assets.xcassets in Resources */ = {isa = PBXBuildFile; fileRef = F878BA391E9796D200A35EEC /* Assets.xcassets */; };
		F878BA3D1E9796D200A35EEC /* LaunchScreen.storyboard in Resources */ = {isa = PBXBuildFile; fileRef = F878BA3B1E9796D200A35EEC /* LaunchScreen.storyboard */; };
		F878BA4A1E979C0200A35EEC /* LWNetWork.m in Sources */ = {isa = PBXBuildFile; fileRef = F878BA491E979C0200A35EEC /* LWNetWork.m */; };
		F878BA4D1E979C5600A35EEC /* NetWorkTableViewController.m in Sources */ = {isa = PBXBuildFile; fileRef = F878BA4C1E979C5600A35EEC /* NetWorkTableViewController.m */; };
		F878BA501E979ED400A35EEC /* NetWorkDownloadViewController.m in Sources */ = {isa = PBXBuildFile; fileRef = F878BA4F1E979ED400A35EEC /* NetWorkDownloadViewController.m */; };
		F878BA531E97AB8000A35EEC /* NetWorkGetJsonViewController.m in Sources */ = {isa = PBXBuildFile; fileRef = F878BA521E97AB8000A35EEC /* NetWorkGetJsonViewController.m */; };
		F878BA571E98E62E00A35EEC /* LWNetWorkDataParser.m in Sources */ = {isa = PBXBuildFile; fileRef = F878BA561E98E62E00A35EEC /* LWNetWorkDataParser.m */; };
/* End PBXBuildFile section */

/* Begin PBXFileReference section */
		F878BA2A1E9796D200A35EEC /* LPLightweightCode.app */ = {isa = PBXFileReference; explicitFileType = wrapper.application; includeInIndex = 0; path = LPLightweightCode.app; sourceTree = BUILT_PRODUCTS_DIR; };
		F878BA2E1E9796D200A35EEC /* main.m */ = {isa = PBXFileReference; lastKnownFileType = sourcecode.c.objc; path = main.m; sourceTree = "<group>"; };
		F878BA301E9796D200A35EEC /* AppDelegate.h */ = {isa = PBXFileReference; lastKnownFileType = sourcecode.c.h; path = AppDelegate.h; sourceTree = "<group>"; };
		F878BA311E9796D200A35EEC /* AppDelegate.m */ = {isa = PBXFileReference; lastKnownFileType = sourcecode.c.objc; path = AppDelegate.m; sourceTree = "<group>"; };
		F878BA331E9796D200A35EEC /* ViewController.h */ = {isa = PBXFileReference; lastKnownFileType = sourcecode.c.h; path = ViewController.h; sourceTree = "<group>"; };
		F878BA341E9796D200A35EEC /* ViewController.m */ = {isa = PBXFileReference; lastKnownFileType = sourcecode.c.objc; path = ViewController.m; sourceTree = "<group>"; };
		F878BA371E9796D200A35EEC /* Base */ = {isa = PBXFileReference; lastKnownFileType = file.storyboard; name = Base; path = Base.lproj/Main.storyboard; sourceTree = "<group>"; };
		F878BA391E9796D200A35EEC /* Assets.xcassets */ = {isa = PBXFileReference; lastKnownFileType = folder.assetcatalog; path = Assets.xcassets; sourceTree = "<group>"; };
		F878BA3C1E9796D200A35EEC /* Base */ = {isa = PBXFileReference; lastKnownFileType = file.storyboard; name = Base; path = Base.lproj/LaunchScreen.storyboard; sourceTree = "<group>"; };
		F878BA3E1E9796D200A35EEC /* Info.plist */ = {isa = PBXFileReference; lastKnownFileType = text.plist.xml; path = Info.plist; sourceTree = "<group>"; };
		F878BA481E979C0200A35EEC /* LWNetWork.h */ = {isa = PBXFileReference; fileEncoding = 4; lastKnownFileType = sourcecode.c.h; path = LWNetWork.h; sourceTree = "<group>"; };
		F878BA491E979C0200A35EEC /* LWNetWork.m */ = {isa = PBXFileReference; fileEncoding = 4; lastKnownFileType = sourcecode.c.objc; path = LWNetWork.m; sourceTree = "<group>"; };
		F878BA4B1E979C5600A35EEC /* NetWorkTableViewController.h */ = {isa = PBXFileReference; fileEncoding = 4; lastKnownFileType = sourcecode.c.h; path = NetWorkTableViewController.h; sourceTree = "<group>"; };
		F878BA4C1E979C5600A35EEC /* NetWorkTableViewController.m */ = {isa = PBXFileReference; fileEncoding = 4; lastKnownFileType = sourcecode.c.objc; path = NetWorkTableViewController.m; sourceTree = "<group>"; };
		F878BA4E1E979ED400A35EEC /* NetWorkDownloadViewController.h */ = {isa = PBXFileReference; fileEncoding = 4; lastKnownFileType = sourcecode.c.h; path = NetWorkDownloadViewController.h; sourceTree = "<group>"; };
		F878BA4F1E979ED400A35EEC /* NetWorkDownloadViewController.m */ = {isa = PBXFileReference; fileEncoding = 4; lastKnownFileType = sourcecode.c.objc; path = NetWorkDownloadViewController.m; sourceTree = "<group>"; };
		F878BA511E97AB8000A35EEC /* NetWorkGetJsonViewController.h */ = {isa = PBXFileReference; fileEncoding = 4; lastKnownFileType = sourcecode.c.h; path = NetWorkGetJsonViewController.h; sourceTree = "<group>"; };
		F878BA521E97AB8000A35EEC /* NetWorkGetJsonViewController.m */ = {isa = PBXFileReference; fileEncoding = 4; lastKnownFileType = sourcecode.c.objc; path = NetWorkGetJsonViewController.m; sourceTree = "<group>"; };
		F878BA551E98E62E00A35EEC /* LWNetWorkDataParser.h */ = {isa = PBXFileReference; fileEncoding = 4; lastKnownFileType = sourcecode.c.h; path = LWNetWorkDataParser.h; sourceTree = "<group>"; };
		F878BA561E98E62E00A35EEC /* LWNetWorkDataParser.m */ = {isa = PBXFileReference; fileEncoding = 4; lastKnownFileType = sourcecode.c.objc; path = LWNetWorkDataParser.m; sourceTree = "<group>"; };
/* End PBXFileReference section */

/* Begin PBXFrameworksBuildPhase section */
		F878BA271E9796D200A35EEC /* Frameworks */ = {
			isa = PBXFrameworksBuildPhase;
			buildActionMask = 2147483647;
			files = (
			);
			runOnlyForDeploymentPostprocessing = 0;
		};
/* End PBXFrameworksBuildPhase section */

/* Begin PBXGroup section */
		F878BA211E9796D200A35EEC = {
			isa = PBXGroup;
			children = (
				F878BA2C1E9796D200A35EEC /* LPLightweightCode */,
				F878BA2B1E9796D200A35EEC /* Products */,
			);
			sourceTree = "<group>";
		};
		F878BA2B1E9796D200A35EEC /* Products */ = {
			isa = PBXGroup;
			children = (
				F878BA2A1E9796D200A35EEC /* LPLightweightCode.app */,
			);
			name = Products;
			sourceTree = "<group>";
		};
		F878BA2C1E9796D200A35EEC /* LPLightweightCode */ = {
			isa = PBXGroup;
			children = (
				F878BA441E9799FE00A35EEC /* LWNetwork */,
				F878BA301E9796D200A35EEC /* AppDelegate.h */,
				F878BA311E9796D200A35EEC /* AppDelegate.m */,
				F878BA331E9796D200A35EEC /* ViewController.h */,
				F878BA341E9796D200A35EEC /* ViewController.m */,
				F878BA471E979A4A00A35EEC /* FrameWork */,
				F878BA461E979A2A00A35EEC /* SourceFiles */,
				F878BA2D1E9796D200A35EEC /* Supporting Files */,
			);
			path = LPLightweightCode;
			sourceTree = "<group>";
		};
		F878BA2D1E9796D200A35EEC /* Supporting Files */ = {
			isa = PBXGroup;
			children = (
				F878BA2E1E9796D200A35EEC /* main.m */,
			);
			name = "Supporting Files";
			sourceTree = "<group>";
		};
		F878BA441E9799FE00A35EEC /* LWNetwork */ = {
			isa = PBXGroup;
			children = (
				F878BA451E9799FE00A35EEC /* LWNetwork */,
				F878BA4B1E979C5600A35EEC /* NetWorkTableViewController.h */,
				F878BA4C1E979C5600A35EEC /* NetWorkTableViewController.m */,
				F878BA4E1E979ED400A35EEC /* NetWorkDownloadViewController.h */,
				F878BA4F1E979ED400A35EEC /* NetWorkDownloadViewController.m */,
				F878BA511E97AB8000A35EEC /* NetWorkGetJsonViewController.h */,
				F878BA521E97AB8000A35EEC /* NetWorkGetJsonViewController.m */,
			);
			path = LWNetwork;
			sourceTree = "<group>";
		};
		F878BA451E9799FE00A35EEC /* LWNetwork */ = {
			isa = PBXGroup;
			children = (
				F878BA481E979C0200A35EEC /* LWNetWork.h */,
				F878BA491E979C0200A35EEC /* LWNetWork.m */,
				F878BA551E98E62E00A35EEC /* LWNetWorkDataParser.h */,
				F878BA561E98E62E00A35EEC /* LWNetWorkDataParser.m */,
			);
			path = LWNetwork;
			sourceTree = "<group>";
		};
		F878BA461E979A2A00A35EEC /* SourceFiles */ = {
			isa = PBXGroup;
			children = (
				F878BA361E9796D200A35EEC /* Main.storyboard */,
				F878BA391E9796D200A35EEC /* Assets.xcassets */,
				F878BA3B1E9796D200A35EEC /* LaunchScreen.storyboard */,
				F878BA3E1E9796D200A35EEC /* Info.plist */,
			);
			name = SourceFiles;
			sourceTree = "<group>";
		};
		F878BA471E979A4A00A35EEC /* FrameWork */ = {
			isa = PBXGroup;
			children = (
			);
			name = FrameWork;
			sourceTree = "<group>";
		};
/* End PBXGroup section */

/* Begin PBXNativeTarget section */
		F878BA291E9796D200A35EEC /* LPLightweightCode */ = {
			isa = PBXNativeTarget;
			buildConfigurationList = F878BA411E9796D200A35EEC /* Build configuration list for PBXNativeTarget "LPLightweightCode" */;
			buildPhases = (
				F878BA261E9796D200A35EEC /* Sources */,
				F878BA271E9796D200A35EEC /* Frameworks */,
				F878BA281E9796D200A35EEC /* Resources */,
			);
			buildRules = (
			);
			dependencies = (
			);
			name = LPLightweightCode;
			productName = LPLightweightCode;
			productReference = F878BA2A1E9796D200A35EEC /* LPLightweightCode.app */;
			productType = "com.apple.product-type.application";
		};
/* End PBXNativeTarget section */

/* Begin PBXProject section */
		F878BA221E9796D200A35EEC /* Project object */ = {
			isa = PBXProject;
			attributes = {
				LastUpgradeCheck = 0830;
				ORGANIZATIONNAME = zou;
				TargetAttributes = {
					F878BA291E9796D200A35EEC = {
						CreatedOnToolsVersion = 8.3;
						ProvisioningStyle = Manual;
					};
				};
			};
			buildConfigurationList = F878BA251E9796D200A35EEC /* Build configuration list for PBXProject "LPLightweightCode" */;
			compatibilityVersion = "Xcode 3.2";
			developmentRegion = English;
			hasScannedForEncodings = 0;
			knownRegions = (
				en,
				Base,
			);
			mainGroup = F878BA211E9796D200A35EEC;
			productRefGroup = F878BA2B1E9796D200A35EEC /* Products */;
			projectDirPath = "";
			projectRoot = "";
			targets = (
				F878BA291E9796D200A35EEC /* LPLightweightCode */,
			);
		};
/* End PBXProject section */

/* Begin PBXResourcesBuildPhase section */
		F878BA281E9796D200A35EEC /* Resources */ = {
			isa = PBXResourcesBuildPhase;
			buildActionMask = 2147483647;
			files = (
				F878BA3D1E9796D200A35EEC /* LaunchScreen.storyboard in Resources */,
				F878BA3A1E9796D200A35EEC /* Assets.xcassets in Resources */,
				F878BA381E9796D200A35EEC /* Main.storyboard in Resources */,
			);
			runOnlyForDeploymentPostprocessing = 0;
		};
/* End PBXResourcesBuildPhase section */

/* Begin PBXSourcesBuildPhase section */
		F878BA261E9796D200A35EEC /* Sources */ = {
			isa = PBXSourcesBuildPhase;
			buildActionMask = 2147483647;
			files = (
				F878BA4D1E979C5600A35EEC /* NetWorkTableViewController.m in Sources */,
				F878BA501E979ED400A35EEC /* NetWorkDownloadViewController.m in Sources */,
				F878BA351E9796D200A35EEC /* ViewController.m in Sources */,
				F878BA321E9796D200A35EEC /* AppDelegate.m in Sources */,
				F878BA571E98E62E00A35EEC /* LWNetWorkDataParser.m in Sources */,
				F878BA2F1E9796D200A35EEC /* main.m in Sources */,
				F878BA4A1E979C0200A35EEC /* LWNetWork.m in Sources */,
				F878BA531E97AB8000A35EEC /* NetWorkGetJsonViewController.m in Sources */,
			);
			runOnlyForDeploymentPostprocessing = 0;
		};
/* End PBXSourcesBuildPhase section */

/* Begin PBXVariantGroup section */
		F878BA361E9796D200A35EEC /* Main.storyboard */ = {
			isa = PBXVariantGroup;
			children = (
				F878BA371E9796D200A35EEC /* Base */,
			);
			name = Main.storyboard;
			sourceTree = "<group>";
		};
		F878BA3B1E9796D200A35EEC /* LaunchScreen.storyboard */ = {
			isa = PBXVariantGroup;
			children = (
				F878BA3C1E9796D200A35EEC /* Base */,
			);
			name = LaunchScreen.storyboard;
			sourceTree = "<group>";
		};
/* End PBXVariantGroup section */

/* Begin XCBuildConfiguration section */
		F878BA3F1E9796D200A35EEC /* Debug */ = {
			isa = XCBuildConfiguration;
			buildSettings = {
				ALWAYS_SEARCH_USER_PATHS = NO;
				CLANG_ANALYZER_NONNULL = YES;
				CLANG_ANALYZER_NUMBER_OBJECT_CONVERSION = YES_AGGRESSIVE;
				CLANG_CXX_LANGUAGE_STANDARD = "gnu++0x";
				CLANG_CXX_LIBRARY = "libc++";
				CLANG_ENABLE_MODULES = YES;
				CLANG_ENABLE_OBJC_ARC = YES;
				CLANG_WARN_BOOL_CONVERSION = YES;
				CLANG_WARN_CONSTANT_CONVERSION = YES;
				CLANG_WARN_DIRECT_OBJC_ISA_USAGE = YES_ERROR;
				CLANG_WARN_DOCUMENTATION_COMMENTS = YES;
				CLANG_WARN_EMPTY_BODY = YES;
				CLANG_WARN_ENUM_CONVERSION = YES;
				CLANG_WARN_INFINITE_RECURSION = YES;
				CLANG_WARN_INT_CONVERSION = YES;
				CLANG_WARN_OBJC_ROOT_CLASS = YES_ERROR;
				CLANG_WARN_SUSPICIOUS_MOVE = YES;
				CLANG_WARN_UNREACHABLE_CODE = YES;
				CLANG_WARN__DUPLICATE_METHOD_MATCH = YES;
				"CODE_SIGN_IDENTITY[sdk=iphoneos*]" = "iPhone Developer";
				COPY_PHASE_STRIP = NO;
				DEBUG_INFORMATION_FORMAT = dwarf;
				ENABLE_STRICT_OBJC_MSGSEND = YES;
				ENABLE_TESTABILITY = YES;
				GCC_C_LANGUAGE_STANDARD = gnu99;
				GCC_DYNAMIC_NO_PIC = NO;
				GCC_NO_COMMON_BLOCKS = YES;
				GCC_OPTIMIZATION_LEVEL = 0;
				GCC_PREPROCESSOR_DEFINITIONS = (
					"DEBUG=1",
					"$(inherited)",
				);
				GCC_WARN_64_TO_32_BIT_CONVERSION = YES;
				GCC_WARN_ABOUT_RETURN_TYPE = YES_ERROR;
				GCC_WARN_UNDECLARED_SELECTOR = YES;
				GCC_WARN_UNINITIALIZED_AUTOS = YES_AGGRESSIVE;
				GCC_WARN_UNUSED_FUNCTION = YES;
				GCC_WARN_UNUSED_VARIABLE = YES;
				IPHONEOS_DEPLOYMENT_TARGET = 10.3;
				MTL_ENABLE_DEBUG_INFO = YES;
				ONLY_ACTIVE_ARCH = YES;
				SDKROOT = iphoneos;
			};
			name = Debug;
		};
		F878BA401E9796D200A35EEC /* Release */ = {
			isa = XCBuildConfiguration;
			buildSettings = {
				ALWAYS_SEARCH_USER_PATHS = NO;
				CLANG_ANALYZER_NONNULL = YES;
				CLANG_ANALYZER_NUMBER_OBJECT_CONVERSION = YES_AGGRESSIVE;
				CLANG_CXX_LANGUAGE_STANDARD = "gnu++0x";
				CLANG_CXX_LIBRARY = "libc++";
				CLANG_ENABLE_MODULES = YES;
				CLANG_ENABLE_OBJC_ARC = YES;
				CLANG_WARN_BOOL_CONVERSION = YES;
				CLANG_WARN_CONSTANT_CONVERSION = YES;
				CLANG_WARN_DIRECT_OBJC_ISA_USAGE = YES_ERROR;
				CLANG_WARN_DOCUMENTATION_COMMENTS = YES;
				CLANG_WARN_EMPTY_BODY = YES;
				CLANG_WARN_ENUM_CONVERSION = YES;
				CLANG_WARN_INFINITE_RECURSION = YES;
				CLANG_WARN_INT_CONVERSION = YES;
				CLANG_WARN_OBJC_ROOT_CLASS = YES_ERROR;
				CLANG_WARN_SUSPICIOUS_MOVE = YES;
				CLANG_WARN_UNREACHABLE_CODE = YES;
				CLANG_WARN__DUPLICATE_METHOD_MATCH = YES;
				"CODE_SIGN_IDENTITY[sdk=iphoneos*]" = "iPhone Developer";
				COPY_PHASE_STRIP = NO;
				DEBUG_INFORMATION_FORMAT = "dwarf-with-dsym";
				ENABLE_NS_ASSERTIONS = NO;
				ENABLE_STRICT_OBJC_MSGSEND = YES;
				GCC_C_LANGUAGE_STANDARD = gnu99;
				GCC_NO_COMMON_BLOCKS = YES;
				GCC_WARN_64_TO_32_BIT_CONVERSION = YES;
				GCC_WARN_ABOUT_RETURN_TYPE = YES_ERROR;
				GCC_WARN_UNDECLARED_SELECTOR = YES;
				GCC_WARN_UNINITIALIZED_AUTOS = YES_AGGRESSIVE;
				GCC_WARN_UNUSED_FUNCTION = YES;
				GCC_WARN_UNUSED_VARIABLE = YES;
				IPHONEOS_DEPLOYMENT_TARGET = 10.3;
				MTL_ENABLE_DEBUG_INFO = NO;
				SDKROOT = iphoneos;
				VALIDATE_PRODUCT = YES;
			};
			name = Release;
		};
		F878BA421E9796D200A35EEC /* Debug */ = {
			isa = XCBuildConfiguration;
			buildSettings = {
				ASSETCATALOG_COMPILER_APPICON_NAME = AppIcon;
				DEVELOPMENT_TEAM = "";
				INFOPLIST_FILE = LPLightweightCode/Info.plist;
				LD_RUNPATH_SEARCH_PATHS = "$(inherited) @executable_path/Frameworks";
				PRODUCT_BUNDLE_IDENTIFIER = zwp.app.LPLightweightCode;
				PRODUCT_NAME = "$(TARGET_NAME)";
				PROVISIONING_PROFILE_SPECIFIER = "";
			};
			name = Debug;
		};
		F878BA431E9796D200A35EEC /* Release */ = {
			isa = XCBuildConfiguration;
			buildSettings = {
				ASSETCATALOG_COMPILER_APPICON_NAME = AppIcon;
				DEVELOPMENT_TEAM = "";
				INFOPLIST_FILE = LPLightweightCode/Info.plist;
				LD_RUNPATH_SEARCH_PATHS = "$(inherited) @executable_path/Frameworks";
				PRODUCT_BUNDLE_IDENTIFIER = zwp.app.LPLightweightCode;
				PRODUCT_NAME = "$(TARGET_NAME)";
				PROVISIONING_PROFILE_SPECIFIER = "";
			};
			name = Release;
		};
/* End XCBuildConfiguration section */

/* Begin XCConfigurationList section */
		F878BA251E9796D200A35EEC /* Build configuration list for PBXProject "LPLightweightCode" */ = {
			isa = XCConfigurationList;
			buildConfigurations = (
				F878BA3F1E9796D200A35EEC /* Debug */,
				F878BA401E9796D200A35EEC /* Release */,
			);
			defaultConfigurationIsVisible = 0;
			defaultConfigurationName = Release;
		};
		F878BA411E9796D200A35EEC /* Build configuration list for PBXNativeTarget "LPLightweightCode" */ = {
			isa = XCConfigurationList;
			buildConfigurations = (
				F878BA421E9796D200A35EEC /* Debug */,
				F878BA431E9796D200A35EEC /* Release */,
			);
			defaultConfigurationIsVisible = 0;
		};
/* End XCConfigurationList section */
	};
	rootObject = F878BA221E9796D200A35EEC /* Project object */;
}
